// !$*UTF8*$!
{
	archiveVersion = 1;
	classes = {
	};
	objectVersion = 48;
	objects = {

/* Begin PBXBuildFile section */
		F886E55F1FEB38810074F6AF /* AppDelegate.swift in Sources */ = {isa = PBXBuildFile; fileRef = F886E55E1FEB38810074F6AF /* AppDelegate.swift */; };
		F886E5611FEB38810074F6AF /* ListViewController.swift in Sources */ = {isa = PBXBuildFile; fileRef = F886E5601FEB38810074F6AF /* ListViewController.swift */; };
		F886E5641FEB38810074F6AF /* Main.storyboard in Resources */ = {isa = PBXBuildFile; fileRef = F886E5621FEB38810074F6AF /* Main.storyboard */; };
		F886E5661FEB38810074F6AF /* Assets.xcassets in Resources */ = {isa = PBXBuildFile; fileRef = F886E5651FEB38810074F6AF /* Assets.xcassets */; };
		F886E5691FEB38810074F6AF /* LaunchScreen.storyboard in Resources */ = {isa = PBXBuildFile; fileRef = F886E5671FEB38810074F6AF /* LaunchScreen.storyboard */; };
		F886E5721FEB475C0074F6AF /* NewNoteViewController.swift in Sources */ = {isa = PBXBuildFile; fileRef = F886E5711FEB475C0074F6AF /* NewNoteViewController.swift */; };
		F886E5741FEB49D00074F6AF /* ListTableViewCell.swift in Sources */ = {isa = PBXBuildFile; fileRef = F886E5731FEB49D00074F6AF /* ListTableViewCell.swift */; };
		F886E5761FEB4A6E0074F6AF /* NoteTitleTableViewCell.swift in Sources */ = {isa = PBXBuildFile; fileRef = F886E5751FEB4A6E0074F6AF /* NoteTitleTableViewCell.swift */; };
		F886E5781FEB4A7F0074F6AF /* NoteTaskTableViewCell.swift in Sources */ = {isa = PBXBuildFile; fileRef = F886E5771FEB4A7F0074F6AF /* NoteTaskTableViewCell.swift */; };
/* End PBXBuildFile section */

/* Begin PBXFileReference section */
		F886E55B1FEB38810074F6AF /* ToDo.app */ = {isa = PBXFileReference; explicitFileType = wrapper.application; includeInIndex = 0; path = ToDo.app; sourceTree = BUILT_PRODUCTS_DIR; };
		F886E55E1FEB38810074F6AF /* AppDelegate.swift */ = {isa = PBXFileReference; lastKnownFileType = sourcecode.swift; path = AppDelegate.swift; sourceTree = "<group>"; };
		F886E5601FEB38810074F6AF /* ListViewController.swift */ = {isa = PBXFileReference; lastKnownFileType = sourcecode.swift; path = ListViewController.swift; sourceTree = "<group>"; };
		F886E5631FEB38810074F6AF /* Base */ = {isa = PBXFileReference; lastKnownFileType = file.storyboard; name = Base; path = Base.lproj/Main.storyboard; sourceTree = "<group>"; };
		F886E5651FEB38810074F6AF /* Assets.xcassets */ = {isa = PBXFileReference; lastKnownFileType = folder.assetcatalog; path = Assets.xcassets; sourceTree = "<group>"; };
		F886E5681FEB38810074F6AF /* Base */ = {isa = PBXFileReference; lastKnownFileType = file.storyboard; name = Base; path = Base.lproj/LaunchScreen.storyboard; sourceTree = "<group>"; };
		F886E56A1FEB38810074F6AF /* Info.plist */ = {isa = PBXFileReference; lastKnownFileType = text.plist.xml; path = Info.plist; sourceTree = "<group>"; };
		F886E5711FEB475C0074F6AF /* NewNoteViewController.swift */ = {isa = PBXFileReference; lastKnownFileType = sourcecode.swift; path = NewNoteViewController.swift; sourceTree = "<group>"; };
		F886E5731FEB49D00074F6AF /* ListTableViewCell.swift */ = {isa = PBXFileReference; lastKnownFileType = sourcecode.swift; path = ListTableViewCell.swift; sourceTree = "<group>"; };
		F886E5751FEB4A6E0074F6AF /* NoteTitleTableViewCell.swift */ = {isa = PBXFileReference; lastKnownFileType = sourcecode.swift; path = NoteTitleTableViewCell.swift; sourceTree = "<group>"; };
		F886E5771FEB4A7F0074F6AF /* NoteTaskTableViewCell.swift */ = {isa = PBXFileReference; lastKnownFileType = sourcecode.swift; path = NoteTaskTableViewCell.swift; sourceTree = "<group>"; };
/* End PBXFileReference section */

/* Begin PBXFrameworksBuildPhase section */
		F886E5581FEB38810074F6AF /* Frameworks */ = {
			isa = PBXFrameworksBuildPhase;
			buildActionMask = 2147483647;
			files = (
			);
			runOnlyForDeploymentPostprocessing = 0;
		};
/* End PBXFrameworksBuildPhase section */

/* Begin PBXGroup section */
		F886E5521FEB38810074F6AF = {
			isa = PBXGroup;
			children = (
				F886E55D1FEB38810074F6AF /* ToDo */,
				F886E55C1FEB38810074F6AF /* Products */,
			);
			sourceTree = "<group>";
		};
		F886E55C1FEB38810074F6AF /* Products */ = {
			isa = PBXGroup;
			children = (
				F886E55B1FEB38810074F6AF /* ToDo.app */,
			);
			name = Products;
			sourceTree = "<group>";
		};
		F886E55D1FEB38810074F6AF /* ToDo */ = {
			isa = PBXGroup;
			children = (
				F886E5701FEB47180074F6AF /* suppornig files */,
				F886E5601FEB38810074F6AF /* ListViewController.swift */,
				F886E5711FEB475C0074F6AF /* NewNoteViewController.swift */,
				F886E5731FEB49D00074F6AF /* ListTableViewCell.swift */,
				F886E5751FEB4A6E0074F6AF /* NoteTitleTableViewCell.swift */,
				F886E5771FEB4A7F0074F6AF /* NoteTaskTableViewCell.swift */,
			);
			path = ToDo;
			sourceTree = "<group>";
		};
		F886E5701FEB47180074F6AF /* suppornig files */ = {
			isa = PBXGroup;
			children = (
				F886E55E1FEB38810074F6AF /* AppDelegate.swift */,
				F886E5621FEB38810074F6AF /* Main.storyboard */,
				F886E5651FEB38810074F6AF /* Assets.xcassets */,
				F886E5671FEB38810074F6AF /* LaunchScreen.storyboard */,
				F886E56A1FEB38810074F6AF /* Info.plist */,
			);
			path = "suppornig files";
			sourceTree = "<group>";
		};
/* End PBXGroup section */

/* Begin PBXNativeTarget section */
		F886E55A1FEB38810074F6AF /* ToDo */ = {
			isa = PBXNativeTarget;
			buildConfigurationList = F886E56D1FEB38810074F6AF /* Build configuration list for PBXNativeTarget "ToDo" */;
			buildPhases = (
				F886E5571FEB38810074F6AF /* Sources */,
				F886E5581FEB38810074F6AF /* Frameworks */,
				F886E5591FEB38810074F6AF /* Resources */,
			);
			buildRules = (
			);
			dependencies = (
			);
			name = ToDo;
			productName = ToDo;
			productReference = F886E55B1FEB38810074F6AF /* ToDo.app */;
			productType = "com.apple.product-type.application";
		};
/* End PBXNativeTarget section */

/* Begin PBXProject section */
		F886E5531FEB38810074F6AF /* Project object */ = {
			isa = PBXProject;
			attributes = {
				LastSwiftUpdateCheck = 0920;
				LastUpgradeCheck = 0920;
				ORGANIZATIONNAME = "Andrii Damm";
				TargetAttributes = {
					F886E55A1FEB38810074F6AF = {
						CreatedOnToolsVersion = 9.2;
						ProvisioningStyle = Automatic;
					};
				};
			};
			buildConfigurationList = F886E5561FEB38810074F6AF /* Build configuration list for PBXProject "ToDo" */;
			compatibilityVersion = "Xcode 8.0";
			developmentRegion = en;
			hasScannedForEncodings = 0;
			knownRegions = (
				en,
				Base,
			);
			mainGroup = F886E5521FEB38810074F6AF;
			productRefGroup = F886E55C1FEB38810074F6AF /* Products */;
			projectDirPath = "";
			projectRoot = "";
			targets = (
				F886E55A1FEB38810074F6AF /* ToDo */,
			);
		};
/* End PBXProject section */

/* Begin PBXResourcesBuildPhase section */
		F886E5591FEB38810074F6AF /* Resources */ = {
			isa = PBXResourcesBuildPhase;
			buildActionMask = 2147483647;
			files = (
				F886E5691FEB38810074F6AF /* LaunchScreen.storyboard in Resources */,
				F886E5661FEB38810074F6AF /* Assets.xcassets in Resources */,
				F886E5641FEB38810074F6AF /* Main.storyboard in Resources */,
			);
			runOnlyForDeploymentPostprocessing = 0;
		};
/* End PBXResourcesBuildPhase section */

/* Begin PBXSourcesBuildPhase section */
		F886E5571FEB38810074F6AF /* Sources */ = {
			isa = PBXSourcesBuildPhase;
			buildActionMask = 2147483647;
			files = (
				F886E5611FEB38810074F6AF /* ListViewController.swift in Sources */,
				F886E5761FEB4A6E0074F6AF /* NoteTitleTableViewCell.swift in Sources */,
				F886E5741FEB49D00074F6AF /* ListTableViewCell.swift in Sources */,
				F886E55F1FEB38810074F6AF /* AppDelegate.swift in Sources */,
				F886E5781FEB4A7F0074F6AF /* NoteTaskTableViewCell.swift in Sources */,
				F886E5721FEB475C0074F6AF /* NewNoteViewController.swift in Sources */,
			);
			runOnlyForDeploymentPostprocessing = 0;
		};
/* End PBXSourcesBuildPhase section */

/* Begin PBXVariantGroup section */
		F886E5621FEB38810074F6AF /* Main.storyboard */ = {
			isa = PBXVariantGroup;
			children = (
				F886E5631FEB38810074F6AF /* Base */,
			);
			name = Main.storyboard;
			sourceTree = "<group>";
		};
		F886E5671FEB38810074F6AF /* LaunchScreen.storyboard */ = {
			isa = PBXVariantGroup;
			children = (
				F886E5681FEB38810074F6AF /* Base */,
			);
			name = LaunchScreen.storyboard;
			sourceTree = "<group>";
		};
/* End PBXVariantGroup section */

/* Begin XCBuildConfiguration section */
		F886E56B1FEB38810074F6AF /* Debug */ = {
			isa = XCBuildConfiguration;
			buildSettings = {
				ALWAYS_SEARCH_USER_PATHS = NO;
				CLANG_ANALYZER_NONNULL = YES;
				CLANG_ANALYZER_NUMBER_OBJECT_CONVERSION = YES_AGGRESSIVE;
				CLANG_CXX_LANGUAGE_STANDARD = "gnu++14";
				CLANG_CXX_LIBRARY = "libc++";
				CLANG_ENABLE_MODULES = YES;
				CLANG_ENABLE_OBJC_ARC = YES;
				CLANG_WARN_BLOCK_CAPTURE_AUTORELEASING = YES;
				CLANG_WARN_BOOL_CONVERSION = YES;
				CLANG_WARN_COMMA = YES;
				CLANG_WARN_CONSTANT_CONVERSION = YES;
				CLANG_WARN_DIRECT_OBJC_ISA_USAGE = YES_ERROR;
				CLANG_WARN_DOCUMENTATION_COMMENTS = YES;
				CLANG_WARN_EMPTY_BODY = YES;
				CLANG_WARN_ENUM_CONVERSION = YES;
				CLANG_WARN_INFINITE_RECURSION = YES;
				CLANG_WARN_INT_CONVERSION = YES;
				CLANG_WARN_NON_LITERAL_NULL_CONVERSION = YES;
				CLANG_WARN_OBJC_LITERAL_CONVERSION = YES;
				CLANG_WARN_OBJC_ROOT_CLASS = YES_ERROR;
				CLANG_WARN_RANGE_LOOP_ANALYSIS = YES;
				CLANG_WARN_STRICT_PROTOTYPES = YES;
				CLANG_WARN_SUSPICIOUS_MOVE = YES;
				CLANG_WARN_UNGUARDED_AVAILABILITY = YES_AGGRESSIVE;
				CLANG_WARN_UNREACHABLE_CODE = YES;
				CLANG_WARN__DUPLICATE_METHOD_MATCH = YES;
				CODE_SIGN_IDENTITY = "iPhone Developer";
				COPY_PHASE_STRIP = NO;
				DEBUG_INFORMATION_FORMAT = dwarf;
				ENABLE_STRICT_OBJC_MSGSEND = YES;
				ENABLE_TESTABILITY = YES;
				GCC_C_LANGUAGE_STANDARD = gnu11;
				GCC_DYNAMIC_NO_PIC = NO;
				GCC_NO_COMMON_BLOCKS = YES;
				GCC_OPTIMIZATION_LEVEL = 0;
				GCC_PREPROCESSOR_DEFINITIONS = (
					"DEBUG=1",
					"$(inherited)",
				);
				GCC_WARN_64_TO_32_BIT_CONVERSION = YES;
				GCC_WARN_ABOUT_RETURN_TYPE = YES_ERROR;
				GCC_WARN_UNDECLARED_SELECTOR = YES;
				GCC_WARN_UNINITIALIZED_AUTOS = YES_AGGRESSIVE;
				GCC_WARN_UNUSED_FUNCTION = YES;
				GCC_WARN_UNUSED_VARIABLE = YES;
				IPHONEOS_DEPLOYMENT_TARGET = 11.2;
				MTL_ENABLE_DEBUG_INFO = YES;
				ONLY_ACTIVE_ARCH = YES;
				SDKROOT = iphoneos;
				SWIFT_ACTIVE_COMPILATION_CONDITIONS = DEBUG;
				SWIFT_OPTIMIZATION_LEVEL = "-Onone";
			};
			name = Debug;
		};
		F886E56C1FEB38810074F6AF /* Release */ = {
			isa = XCBuildConfiguration;
			buildSettings = {
				ALWAYS_SEARCH_USER_PATHS = NO;
				CLANG_ANALYZER_NONNULL = YES;
				CLANG_ANALYZER_NUMBER_OBJECT_CONVERSION = YES_AGGRESSIVE;
				CLANG_CXX_LANGUAGE_STANDARD = "gnu++14";
				CLANG_CXX_LIBRARY = "libc++";
				CLANG_ENABLE_MODULES = YES;
				CLANG_ENABLE_OBJC_ARC = YES;
				CLANG_WARN_BLOCK_CAPTURE_AUTORELEASING = YES;
				CLANG_WARN_BOOL_CONVERSION = YES;
				CLANG_WARN_COMMA = YES;
				CLANG_WARN_CONSTANT_CONVERSION = YES;
				CLANG_WARN_DIRECT_OBJC_ISA_USAGE = YES_ERROR;
				CLANG_WARN_DOCUMENTATION_COMMENTS = YES;
				CLANG_WARN_EMPTY_BODY = YES;
				CLANG_WARN_ENUM_CONVERSION = YES;
				CLANG_WARN_INFINITE_RECURSION = YES;
				CLANG_WARN_INT_CONVERSION = YES;
				CLANG_WARN_NON_LITERAL_NULL_CONVERSION = YES;
				CLANG_WARN_OBJC_LITERAL_CONVERSION = YES;
				CLANG_WARN_OBJC_ROOT_CLASS = YES_ERROR;
				CLANG_WARN_RANGE_LOOP_ANALYSIS = YES;
				CLANG_WARN_STRICT_PROTOTYPES = YES;
				CLANG_WARN_SUSPICIOUS_MOVE = YES;
				CLANG_WARN_UNGUARDED_AVAILABILITY = YES_AGGRESSIVE;
				CLANG_WARN_UNREACHABLE_CODE = YES;
				CLANG_WARN__DUPLICATE_METHOD_MATCH = YES;
				CODE_SIGN_IDENTITY = "iPhone Developer";
				COPY_PHASE_STRIP = NO;
				DEBUG_INFORMATION_FORMAT = "dwarf-with-dsym";
				ENABLE_NS_ASSERTIONS = NO;
				ENABLE_STRICT_OBJC_MSGSEND = YES;
				GCC_C_LANGUAGE_STANDARD = gnu11;
				GCC_NO_COMMON_BLOCKS = YES;
				GCC_WARN_64_TO_32_BIT_CONVERSION = YES;
				GCC_WARN_ABOUT_RETURN_TYPE = YES_ERROR;
				GCC_WARN_UNDECLARED_SELECTOR = YES;
				GCC_WARN_UNINITIALIZED_AUTOS = YES_AGGRESSIVE;
				GCC_WARN_UNUSED_FUNCTION = YES;
				GCC_WARN_UNUSED_VARIABLE = YES;
				IPHONEOS_DEPLOYMENT_TARGET = 11.2;
				MTL_ENABLE_DEBUG_INFO = NO;
				SDKROOT = iphoneos;
				SWIFT_OPTIMIZATION_LEVEL = "-Owholemodule";
				VALIDATE_PRODUCT = YES;
			};
			name = Release;
		};
		F886E56E1FEB38810074F6AF /* Debug */ = {
			isa = XCBuildConfiguration;
			buildSettings = {
				ASSETCATALOG_COMPILER_APPICON_NAME = AppIcon;
				CODE_SIGN_STYLE = Automatic;
				DEVELOPMENT_TEAM = 2BULHRS882;
				INFOPLIST_FILE = "$(SRCROOT)/ToDo/suppornig files/Info.plist";
				LD_RUNPATH_SEARCH_PATHS = "$(inherited) @executable_path/Frameworks";
				PRODUCT_BUNDLE_IDENTIFIER = "Weed-Forge.ToDo";
				PRODUCT_NAME = "$(TARGET_NAME)";
				SWIFT_VERSION = 4.0;
				TARGETED_DEVICE_FAMILY = 1;
			};
			name = Debug;
		};
		F886E56F1FEB38810074F6AF /* Release */ = {
			isa = XCBuildConfiguration;
			buildSettings = {
				ASSETCATALOG_COMPILER_APPICON_NAME = AppIcon;
				CODE_SIGN_STYLE = Automatic;
				DEVELOPMENT_TEAM = 2BULHRS882;
				INFOPLIST_FILE = "$(SRCROOT)/ToDo/suppornig files/Info.plist";
				LD_RUNPATH_SEARCH_PATHS = "$(inherited) @executable_path/Frameworks";
				PRODUCT_BUNDLE_IDENTIFIER = "Weed-Forge.ToDo";
				PRODUCT_NAME = "$(TARGET_NAME)";
				SWIFT_VERSION = 4.0;
				TARGETED_DEVICE_FAMILY = 1;
			};
			name = Release;
		};
/* End XCBuildConfiguration section */

/* Begin XCConfigurationList section */
		F886E5561FEB38810074F6AF /* Build configuration list for PBXProject "ToDo" */ = {
			isa = XCConfigurationList;
			buildConfigurations = (
				F886E56B1FEB38810074F6AF /* Debug */,
				F886E56C1FEB38810074F6AF /* Release */,
			);
			defaultConfigurationIsVisible = 0;
			defaultConfigurationName = Release;
		};
		F886E56D1FEB38810074F6AF /* Build configuration list for PBXNativeTarget "ToDo" */ = {
			isa = XCConfigurationList;
			buildConfigurations = (
				F886E56E1FEB38810074F6AF /* Debug */,
				F886E56F1FEB38810074F6AF /* Release */,
			);
			defaultConfigurationIsVisible = 0;
			defaultConfigurationName = Release;
		};
/* End XCConfigurationList section */
	};
	rootObject = F886E5531FEB38810074F6AF /* Project object */;
}
